// !$*UTF8*$!
{
	archiveVersion = 1;
	classes = {
	};
	objectVersion = 55;
	objects = {

/* Begin PBXBuildFile section */
		6D0544B22901450B0014B9A8 /* iTunesAPI.swift in Sources */ = {isa = PBXBuildFile; fileRef = 6D0544B12901450B0014B9A8 /* iTunesAPI.swift */; };
		6D354EB928FD1F0300A1F194 /* SerchMusicListView.swift in Sources */ = {isa = PBXBuildFile; fileRef = 6D354EB828FD1F0300A1F194 /* SerchMusicListView.swift */; };
		6D354EBB28FD24B200A1F194 /* SerchMusicModel.swift in Sources */ = {isa = PBXBuildFile; fileRef = 6D354EBA28FD24B200A1F194 /* SerchMusicModel.swift */; };
		6D354EBD28FD24C400A1F194 /* SerchMusicViewModel.swift in Sources */ = {isa = PBXBuildFile; fileRef = 6D354EBC28FD24C400A1F194 /* SerchMusicViewModel.swift */; };
		6D354EBF28FD715200A1F194 /* MusicList.swift in Sources */ = {isa = PBXBuildFile; fileRef = 6D354EBE28FD715200A1F194 /* MusicList.swift */; };
		6D4A6D9528E6B4910032C20D /* WalkthroughView.swift in Sources */ = {isa = PBXBuildFile; fileRef = 6D4A6D9428E6B4910032C20D /* WalkthroughView.swift */; };
		6D4A6D9928E6CC550032C20D /* WalkthroughDetailView.swift in Sources */ = {isa = PBXBuildFile; fileRef = 6D4A6D9828E6CC550032C20D /* WalkthroughDetailView.swift */; };
		6D4CA68129052E62001524D6 /* GenericAPIMethod.swift in Sources */ = {isa = PBXBuildFile; fileRef = 6D4CA68029052E62001524D6 /* GenericAPIMethod.swift */; };
		6D59986628FB3AFB002FEA14 /* SerchTextField.swift in Sources */ = {isa = PBXBuildFile; fileRef = 6D59986528FB3AFB002FEA14 /* SerchTextField.swift */; };
		6D9FCAE928FFD06E00356C55 /* APIError.swift in Sources */ = {isa = PBXBuildFile; fileRef = 6D9FCAE828FFD06E00356C55 /* APIError.swift */; };
		6DE2F4E328E4134D0080BF92 /* WalkthroughViewModel.swift in Sources */ = {isa = PBXBuildFile; fileRef = 6DE2F4E228E4134D0080BF92 /* WalkthroughViewModel.swift */; };
		6DE2F4E528E416130080BF92 /* WalkthroughModel.swift in Sources */ = {isa = PBXBuildFile; fileRef = 6DE2F4E428E416130080BF92 /* WalkthroughModel.swift */; };
		6DF1101D28E288E1006A796F /* StudySwiftUIApp.swift in Sources */ = {isa = PBXBuildFile; fileRef = 6DF1101C28E288E1006A796F /* StudySwiftUIApp.swift */; };
		6DF1102128E288E2006A796F /* Assets.xcassets in Resources */ = {isa = PBXBuildFile; fileRef = 6DF1102028E288E2006A796F /* Assets.xcassets */; };
		6DF1102428E288E2006A796F /* Preview Assets.xcassets in Resources */ = {isa = PBXBuildFile; fileRef = 6DF1102328E288E2006A796F /* Preview Assets.xcassets */; };
		6DF1102E28E288E2006A796F /* StudySwiftUITests.swift in Sources */ = {isa = PBXBuildFile; fileRef = 6DF1102D28E288E2006A796F /* StudySwiftUITests.swift */; };
		6DF1103828E288E2006A796F /* StudySwiftUIUITests.swift in Sources */ = {isa = PBXBuildFile; fileRef = 6DF1103728E288E2006A796F /* StudySwiftUIUITests.swift */; };
		6DF1103A28E288E2006A796F /* StudySwiftUIUITestsLaunchTests.swift in Sources */ = {isa = PBXBuildFile; fileRef = 6DF1103928E288E2006A796F /* StudySwiftUIUITestsLaunchTests.swift */; };
		6EBE0ACD290D2CE200FF3D82 /* BaseRequest.swift in Sources */ = {isa = PBXBuildFile; fileRef = 6EBE0ACC290D2CE200FF3D82 /* BaseRequest.swift */; };
		6EBE0AD0290D2D1900FF3D82 /* MusicResult.swift in Sources */ = {isa = PBXBuildFile; fileRef = 6EBE0ACF290D2D1900FF3D82 /* MusicResult.swift */; };
		6EBE0AD3290D2D5C00FF3D82 /* APIRequestProvider.swift in Sources */ = {isa = PBXBuildFile; fileRef = 6EBE0AD2290D2D5C00FF3D82 /* APIRequestProvider.swift */; };
		6EBE0AD5290D2D8800FF3D82 /* MusicRequest.swift in Sources */ = {isa = PBXBuildFile; fileRef = 6EBE0AD4290D2D8800FF3D82 /* MusicRequest.swift */; };
		6EBE0AD8290D2DBA00FF3D82 /* MusicResponse.swift in Sources */ = {isa = PBXBuildFile; fileRef = 6EBE0AD7290D2DBA00FF3D82 /* MusicResponse.swift */; };
		6EBE0ADA290D2DD500FF3D82 /* YamasakiAPIError.swift in Sources */ = {isa = PBXBuildFile; fileRef = 6EBE0AD9290D2DD500FF3D82 /* YamasakiAPIError.swift */; };
/* End PBXBuildFile section */

/* Begin PBXContainerItemProxy section */
		6DF1102A28E288E2006A796F /* PBXContainerItemProxy */ = {
			isa = PBXContainerItemProxy;
			containerPortal = 6DF1101128E288E0006A796F /* Project object */;
			proxyType = 1;
			remoteGlobalIDString = 6DF1101828E288E0006A796F;
			remoteInfo = StudySwiftUI;
		};
		6DF1103428E288E2006A796F /* PBXContainerItemProxy */ = {
			isa = PBXContainerItemProxy;
			containerPortal = 6DF1101128E288E0006A796F /* Project object */;
			proxyType = 1;
			remoteGlobalIDString = 6DF1101828E288E0006A796F;
			remoteInfo = StudySwiftUI;
		};
/* End PBXContainerItemProxy section */

/* Begin PBXFileReference section */
		6D0544B12901450B0014B9A8 /* iTunesAPI.swift */ = {isa = PBXFileReference; lastKnownFileType = sourcecode.swift; path = iTunesAPI.swift; sourceTree = "<group>"; };
		6D354EB828FD1F0300A1F194 /* SerchMusicListView.swift */ = {isa = PBXFileReference; lastKnownFileType = sourcecode.swift; path = SerchMusicListView.swift; sourceTree = "<group>"; };
		6D354EBA28FD24B200A1F194 /* SerchMusicModel.swift */ = {isa = PBXFileReference; lastKnownFileType = sourcecode.swift; path = SerchMusicModel.swift; sourceTree = "<group>"; };
		6D354EBC28FD24C400A1F194 /* SerchMusicViewModel.swift */ = {isa = PBXFileReference; lastKnownFileType = sourcecode.swift; path = SerchMusicViewModel.swift; sourceTree = "<group>"; };
		6D354EBE28FD715200A1F194 /* MusicList.swift */ = {isa = PBXFileReference; lastKnownFileType = sourcecode.swift; path = MusicList.swift; sourceTree = "<group>"; };
		6D4A6D9428E6B4910032C20D /* WalkthroughView.swift */ = {isa = PBXFileReference; lastKnownFileType = sourcecode.swift; path = WalkthroughView.swift; sourceTree = "<group>"; };
		6D4A6D9828E6CC550032C20D /* WalkthroughDetailView.swift */ = {isa = PBXFileReference; lastKnownFileType = sourcecode.swift; path = WalkthroughDetailView.swift; sourceTree = "<group>"; };
		6D4CA68029052E62001524D6 /* GenericAPIMethod.swift */ = {isa = PBXFileReference; lastKnownFileType = sourcecode.swift; path = GenericAPIMethod.swift; sourceTree = "<group>"; };
		6D59986528FB3AFB002FEA14 /* SerchTextField.swift */ = {isa = PBXFileReference; lastKnownFileType = sourcecode.swift; path = SerchTextField.swift; sourceTree = "<group>"; };
		6D9FCAE828FFD06E00356C55 /* APIError.swift */ = {isa = PBXFileReference; lastKnownFileType = sourcecode.swift; path = APIError.swift; sourceTree = "<group>"; };
		6DE2F4E228E4134D0080BF92 /* WalkthroughViewModel.swift */ = {isa = PBXFileReference; lastKnownFileType = sourcecode.swift; path = WalkthroughViewModel.swift; sourceTree = "<group>"; };
		6DE2F4E428E416130080BF92 /* WalkthroughModel.swift */ = {isa = PBXFileReference; lastKnownFileType = sourcecode.swift; path = WalkthroughModel.swift; sourceTree = "<group>"; };
		6DF1101928E288E0006A796F /* StudySwiftUI.app */ = {isa = PBXFileReference; explicitFileType = wrapper.application; includeInIndex = 0; path = StudySwiftUI.app; sourceTree = BUILT_PRODUCTS_DIR; };
		6DF1101C28E288E1006A796F /* StudySwiftUIApp.swift */ = {isa = PBXFileReference; lastKnownFileType = sourcecode.swift; path = StudySwiftUIApp.swift; sourceTree = "<group>"; };
		6DF1102028E288E2006A796F /* Assets.xcassets */ = {isa = PBXFileReference; lastKnownFileType = folder.assetcatalog; path = Assets.xcassets; sourceTree = "<group>"; };
		6DF1102328E288E2006A796F /* Preview Assets.xcassets */ = {isa = PBXFileReference; lastKnownFileType = folder.assetcatalog; path = "Preview Assets.xcassets"; sourceTree = "<group>"; };
		6DF1102928E288E2006A796F /* StudySwiftUITests.xctest */ = {isa = PBXFileReference; explicitFileType = wrapper.cfbundle; includeInIndex = 0; path = StudySwiftUITests.xctest; sourceTree = BUILT_PRODUCTS_DIR; };
		6DF1102D28E288E2006A796F /* StudySwiftUITests.swift */ = {isa = PBXFileReference; lastKnownFileType = sourcecode.swift; path = StudySwiftUITests.swift; sourceTree = "<group>"; };
		6DF1103328E288E2006A796F /* StudySwiftUIUITests.xctest */ = {isa = PBXFileReference; explicitFileType = wrapper.cfbundle; includeInIndex = 0; path = StudySwiftUIUITests.xctest; sourceTree = BUILT_PRODUCTS_DIR; };
		6DF1103728E288E2006A796F /* StudySwiftUIUITests.swift */ = {isa = PBXFileReference; lastKnownFileType = sourcecode.swift; path = StudySwiftUIUITests.swift; sourceTree = "<group>"; };
		6DF1103928E288E2006A796F /* StudySwiftUIUITestsLaunchTests.swift */ = {isa = PBXFileReference; lastKnownFileType = sourcecode.swift; path = StudySwiftUIUITestsLaunchTests.swift; sourceTree = "<group>"; };
		6EBE0ACC290D2CE200FF3D82 /* BaseRequest.swift */ = {isa = PBXFileReference; lastKnownFileType = sourcecode.swift; path = BaseRequest.swift; sourceTree = "<group>"; };
		6EBE0ACF290D2D1900FF3D82 /* MusicResult.swift */ = {isa = PBXFileReference; lastKnownFileType = sourcecode.swift; path = MusicResult.swift; sourceTree = "<group>"; };
		6EBE0AD2290D2D5C00FF3D82 /* APIRequestProvider.swift */ = {isa = PBXFileReference; lastKnownFileType = sourcecode.swift; path = APIRequestProvider.swift; sourceTree = "<group>"; };
		6EBE0AD4290D2D8800FF3D82 /* MusicRequest.swift */ = {isa = PBXFileReference; lastKnownFileType = sourcecode.swift; path = MusicRequest.swift; sourceTree = "<group>"; };
		6EBE0AD7290D2DBA00FF3D82 /* MusicResponse.swift */ = {isa = PBXFileReference; lastKnownFileType = sourcecode.swift; path = MusicResponse.swift; sourceTree = "<group>"; };
		6EBE0AD9290D2DD500FF3D82 /* YamasakiAPIError.swift */ = {isa = PBXFileReference; lastKnownFileType = sourcecode.swift; path = YamasakiAPIError.swift; sourceTree = "<group>"; };
/* End PBXFileReference section */

/* Begin PBXFrameworksBuildPhase section */
		6DF1101628E288E0006A796F /* Frameworks */ = {
			isa = PBXFrameworksBuildPhase;
			buildActionMask = 2147483647;
			files = (
			);
			runOnlyForDeploymentPostprocessing = 0;
		};
		6DF1102628E288E2006A796F /* Frameworks */ = {
			isa = PBXFrameworksBuildPhase;
			buildActionMask = 2147483647;
			files = (
			);
			runOnlyForDeploymentPostprocessing = 0;
		};
		6DF1103028E288E2006A796F /* Frameworks */ = {
			isa = PBXFrameworksBuildPhase;
			buildActionMask = 2147483647;
			files = (
			);
			runOnlyForDeploymentPostprocessing = 0;
		};
/* End PBXFrameworksBuildPhase section */

/* Begin PBXGroup section */
		6D0544B0290144DB0014B9A8 /* API */ = {
			isa = PBXGroup;
			children = (
				6D0544B12901450B0014B9A8 /* iTunesAPI.swift */,
			);
			path = API;
			sourceTree = "<group>";
		};
		6D354EB428FD176A00A1F194 /* Walkthrough */ = {
			isa = PBXGroup;
			children = (
				6D354EC628FE89E100A1F194 /* Model */,
				6D354EC728FE89EA00A1F194 /* View */,
				6D354EC828FE89F000A1F194 /* ViewModel */,
			);
			path = Walkthrough;
			sourceTree = "<group>";
		};
		6D354EB528FD185100A1F194 /* SerchMusic */ = {
			isa = PBXGroup;
			children = (
				6D0544B0290144DB0014B9A8 /* API */,
				6D9FCAE728FFD03500356C55 /* ErrorHandring */,
				6D354ECA28FE8A1600A1F194 /* Model */,
				6D354ECB28FE8A1D00A1F194 /* View */,
				6D354ECC28FE8A2300A1F194 /* ViewModel */,
			);
			path = SerchMusic;
			sourceTree = "<group>";
		};
		6D354EC628FE89E100A1F194 /* Model */ = {
			isa = PBXGroup;
			children = (
				6DE2F4E428E416130080BF92 /* WalkthroughModel.swift */,
			);
			path = Model;
			sourceTree = "<group>";
		};
		6D354EC728FE89EA00A1F194 /* View */ = {
			isa = PBXGroup;
			children = (
				6D4A6D9428E6B4910032C20D /* WalkthroughView.swift */,
				6D4A6D9828E6CC550032C20D /* WalkthroughDetailView.swift */,
			);
			path = View;
			sourceTree = "<group>";
		};
		6D354EC828FE89F000A1F194 /* ViewModel */ = {
			isa = PBXGroup;
			children = (
				6DE2F4E228E4134D0080BF92 /* WalkthroughViewModel.swift */,
			);
			path = ViewModel;
			sourceTree = "<group>";
		};
		6D354ECA28FE8A1600A1F194 /* Model */ = {
			isa = PBXGroup;
			children = (
				6D354EBA28FD24B200A1F194 /* SerchMusicModel.swift */,
			);
			name = Model;
			path = "New Group/ViewModel/Model";
			sourceTree = "<group>";
		};
		6D354ECB28FE8A1D00A1F194 /* View */ = {
			isa = PBXGroup;
			children = (
				6D354EBE28FD715200A1F194 /* MusicList.swift */,
				6D354EB828FD1F0300A1F194 /* SerchMusicListView.swift */,
				6D59986528FB3AFB002FEA14 /* SerchTextField.swift */,
			);
			path = View;
			sourceTree = "<group>";
		};
		6D354ECC28FE8A2300A1F194 /* ViewModel */ = {
			isa = PBXGroup;
			children = (
				6D354EBC28FD24C400A1F194 /* SerchMusicViewModel.swift */,
				6D4CA68029052E62001524D6 /* GenericAPIMethod.swift */,
			);
			name = ViewModel;
			path = "New Group/ViewModel";
			sourceTree = "<group>";
		};
		6D9FCAE728FFD03500356C55 /* ErrorHandring */ = {
			isa = PBXGroup;
			children = (
				6D9FCAE828FFD06E00356C55 /* APIError.swift */,
			);
			path = ErrorHandring;
			sourceTree = "<group>";
		};
		6DF1101028E288E0006A796F = {
			isa = PBXGroup;
			children = (
				6DF1101B28E288E0006A796F /* StudySwiftUI */,
				6DF1102C28E288E2006A796F /* StudySwiftUITests */,
				6DF1103628E288E2006A796F /* StudySwiftUIUITests */,
				6DF1101A28E288E0006A796F /* Products */,
			);
			sourceTree = "<group>";
		};
		6DF1101A28E288E0006A796F /* Products */ = {
			isa = PBXGroup;
			children = (
				6DF1101928E288E0006A796F /* StudySwiftUI.app */,
				6DF1102928E288E2006A796F /* StudySwiftUITests.xctest */,
				6DF1103328E288E2006A796F /* StudySwiftUIUITests.xctest */,
			);
			name = Products;
			sourceTree = "<group>";
		};
		6DF1101B28E288E0006A796F /* StudySwiftUI */ = {
			isa = PBXGroup;
			children = (
				6EBE0ACB290D2CC900FF3D82 /* Yamasaki */,
				6D354EB528FD185100A1F194 /* SerchMusic */,
				6D354EB428FD176A00A1F194 /* Walkthrough */,
				6DF1101C28E288E1006A796F /* StudySwiftUIApp.swift */,
				6DF1102028E288E2006A796F /* Assets.xcassets */,
				6DF1102228E288E2006A796F /* Preview Content */,
			);
			path = StudySwiftUI;
			sourceTree = "<group>";
		};
		6DF1102228E288E2006A796F /* Preview Content */ = {
			isa = PBXGroup;
			children = (
				6DF1102328E288E2006A796F /* Preview Assets.xcassets */,
			);
			path = "Preview Content";
			sourceTree = "<group>";
		};
		6DF1102C28E288E2006A796F /* StudySwiftUITests */ = {
			isa = PBXGroup;
			children = (
				6DF1102D28E288E2006A796F /* StudySwiftUITests.swift */,
			);
			path = StudySwiftUITests;
			sourceTree = "<group>";
		};
		6DF1103628E288E2006A796F /* StudySwiftUIUITests */ = {
			isa = PBXGroup;
			children = (
				6DF1103728E288E2006A796F /* StudySwiftUIUITests.swift */,
				6DF1103928E288E2006A796F /* StudySwiftUIUITestsLaunchTests.swift */,
			);
			path = StudySwiftUIUITests;
			sourceTree = "<group>";
		};
		6EBE0ACB290D2CC900FF3D82 /* Yamasaki */ = {
			isa = PBXGroup;
			children = (
				6EBE0AD6290D2D9B00FF3D82 /* Response */,
				6EBE0AD1290D2D2900FF3D82 /* Request */,
				6EBE0ACE290D2D0000FF3D82 /* Repositories */,
				6EBE0ACC290D2CE200FF3D82 /* BaseRequest.swift */,
				6EBE0AD9290D2DD500FF3D82 /* YamasakiAPIError.swift */,
			);
			path = Yamasaki;
			sourceTree = "<group>";
		};
		6EBE0ACE290D2D0000FF3D82 /* Repositories */ = {
			isa = PBXGroup;
			children = (
				6EBE0ACF290D2D1900FF3D82 /* MusicResult.swift */,
			);
			path = Repositories;
			sourceTree = "<group>";
		};
		6EBE0AD1290D2D2900FF3D82 /* Request */ = {
			isa = PBXGroup;
			children = (
				6EBE0AD2290D2D5C00FF3D82 /* APIRequestProvider.swift */,
				6EBE0AD4290D2D8800FF3D82 /* MusicRequest.swift */,
			);
			path = Request;
			sourceTree = "<group>";
		};
		6EBE0AD6290D2D9B00FF3D82 /* Response */ = {
			isa = PBXGroup;
			children = (
				6EBE0AD7290D2DBA00FF3D82 /* MusicResponse.swift */,
			);
			path = Response;
			sourceTree = "<group>";
		};
/* End PBXGroup section */

/* Begin PBXNativeTarget section */
		6DF1101828E288E0006A796F /* StudySwiftUI */ = {
			isa = PBXNativeTarget;
			buildConfigurationList = 6DF1103D28E288E2006A796F /* Build configuration list for PBXNativeTarget "StudySwiftUI" */;
			buildPhases = (
				6DF1101528E288E0006A796F /* Sources */,
				6DF1101628E288E0006A796F /* Frameworks */,
				6DF1101728E288E0006A796F /* Resources */,
			);
			buildRules = (
			);
			dependencies = (
			);
			name = StudySwiftUI;
			productName = StudySwiftUI;
			productReference = 6DF1101928E288E0006A796F /* StudySwiftUI.app */;
			productType = "com.apple.product-type.application";
		};
		6DF1102828E288E2006A796F /* StudySwiftUITests */ = {
			isa = PBXNativeTarget;
			buildConfigurationList = 6DF1104028E288E2006A796F /* Build configuration list for PBXNativeTarget "StudySwiftUITests" */;
			buildPhases = (
				6DF1102528E288E2006A796F /* Sources */,
				6DF1102628E288E2006A796F /* Frameworks */,
				6DF1102728E288E2006A796F /* Resources */,
			);
			buildRules = (
			);
			dependencies = (
				6DF1102B28E288E2006A796F /* PBXTargetDependency */,
			);
			name = StudySwiftUITests;
			productName = StudySwiftUITests;
			productReference = 6DF1102928E288E2006A796F /* StudySwiftUITests.xctest */;
			productType = "com.apple.product-type.bundle.unit-test";
		};
		6DF1103228E288E2006A796F /* StudySwiftUIUITests */ = {
			isa = PBXNativeTarget;
			buildConfigurationList = 6DF1104328E288E2006A796F /* Build configuration list for PBXNativeTarget "StudySwiftUIUITests" */;
			buildPhases = (
				6DF1102F28E288E2006A796F /* Sources */,
				6DF1103028E288E2006A796F /* Frameworks */,
				6DF1103128E288E2006A796F /* Resources */,
			);
			buildRules = (
			);
			dependencies = (
				6DF1103528E288E2006A796F /* PBXTargetDependency */,
			);
			name = StudySwiftUIUITests;
			productName = StudySwiftUIUITests;
			productReference = 6DF1103328E288E2006A796F /* StudySwiftUIUITests.xctest */;
			productType = "com.apple.product-type.bundle.ui-testing";
		};
/* End PBXNativeTarget section */

/* Begin PBXProject section */
		6DF1101128E288E0006A796F /* Project object */ = {
			isa = PBXProject;
			attributes = {
				BuildIndependentTargetsInParallel = 1;
				LastSwiftUpdateCheck = 1320;
				LastUpgradeCheck = 1320;
				TargetAttributes = {
					6DF1101828E288E0006A796F = {
						CreatedOnToolsVersion = 13.2.1;
					};
					6DF1102828E288E2006A796F = {
						CreatedOnToolsVersion = 13.2.1;
						TestTargetID = 6DF1101828E288E0006A796F;
					};
					6DF1103228E288E2006A796F = {
						CreatedOnToolsVersion = 13.2.1;
						TestTargetID = 6DF1101828E288E0006A796F;
					};
				};
			};
			buildConfigurationList = 6DF1101428E288E0006A796F /* Build configuration list for PBXProject "StudySwiftUI" */;
			compatibilityVersion = "Xcode 13.0";
			developmentRegion = en;
			hasScannedForEncodings = 0;
			knownRegions = (
				en,
				Base,
			);
			mainGroup = 6DF1101028E288E0006A796F;
			productRefGroup = 6DF1101A28E288E0006A796F /* Products */;
			projectDirPath = "";
			projectRoot = "";
			targets = (
				6DF1101828E288E0006A796F /* StudySwiftUI */,
				6DF1102828E288E2006A796F /* StudySwiftUITests */,
				6DF1103228E288E2006A796F /* StudySwiftUIUITests */,
			);
		};
/* End PBXProject section */

/* Begin PBXResourcesBuildPhase section */
		6DF1101728E288E0006A796F /* Resources */ = {
			isa = PBXResourcesBuildPhase;
			buildActionMask = 2147483647;
			files = (
				6DF1102428E288E2006A796F /* Preview Assets.xcassets in Resources */,
				6DF1102128E288E2006A796F /* Assets.xcassets in Resources */,
			);
			runOnlyForDeploymentPostprocessing = 0;
		};
		6DF1102728E288E2006A796F /* Resources */ = {
			isa = PBXResourcesBuildPhase;
			buildActionMask = 2147483647;
			files = (
			);
			runOnlyForDeploymentPostprocessing = 0;
		};
		6DF1103128E288E2006A796F /* Resources */ = {
			isa = PBXResourcesBuildPhase;
			buildActionMask = 2147483647;
			files = (
			);
			runOnlyForDeploymentPostprocessing = 0;
		};
/* End PBXResourcesBuildPhase section */

/* Begin PBXSourcesBuildPhase section */
		6DF1101528E288E0006A796F /* Sources */ = {
			isa = PBXSourcesBuildPhase;
			buildActionMask = 2147483647;
			files = (
				6D0544B22901450B0014B9A8 /* iTunesAPI.swift in Sources */,
				6EBE0AD3290D2D5C00FF3D82 /* APIRequestProvider.swift in Sources */,
				6D4A6D9528E6B4910032C20D /* WalkthroughView.swift in Sources */,
				6D9FCAE928FFD06E00356C55 /* APIError.swift in Sources */,
				6EBE0ADA290D2DD500FF3D82 /* YamasakiAPIError.swift in Sources */,
				6D354EB928FD1F0300A1F194 /* SerchMusicListView.swift in Sources */,
				6DE2F4E328E4134D0080BF92 /* WalkthroughViewModel.swift in Sources */,
				6EBE0AD8290D2DBA00FF3D82 /* MusicResponse.swift in Sources */,
				6D59986628FB3AFB002FEA14 /* SerchTextField.swift in Sources */,
				6D4A6D9928E6CC550032C20D /* WalkthroughDetailView.swift in Sources */,
				6D354EBD28FD24C400A1F194 /* SerchMusicViewModel.swift in Sources */,
				6DF1101D28E288E1006A796F /* StudySwiftUIApp.swift in Sources */,
				6D354EBF28FD715200A1F194 /* MusicList.swift in Sources */,
				6EBE0ACD290D2CE200FF3D82 /* BaseRequest.swift in Sources */,
				6DE2F4E528E416130080BF92 /* WalkthroughModel.swift in Sources */,
				6D354EBB28FD24B200A1F194 /* SerchMusicModel.swift in Sources */,
				6D4CA68129052E62001524D6 /* GenericAPIMethod.swift in Sources */,
				6EBE0AD0290D2D1900FF3D82 /* MusicResult.swift in Sources */,
				6EBE0AD5290D2D8800FF3D82 /* MusicRequest.swift in Sources */,
			);
			runOnlyForDeploymentPostprocessing = 0;
		};
		6DF1102528E288E2006A796F /* Sources */ = {
			isa = PBXSourcesBuildPhase;
			buildActionMask = 2147483647;
			files = (
				6DF1102E28E288E2006A796F /* StudySwiftUITests.swift in Sources */,
			);
			runOnlyForDeploymentPostprocessing = 0;
		};
		6DF1102F28E288E2006A796F /* Sources */ = {
			isa = PBXSourcesBuildPhase;
			buildActionMask = 2147483647;
			files = (
				6DF1103A28E288E2006A796F /* StudySwiftUIUITestsLaunchTests.swift in Sources */,
				6DF1103828E288E2006A796F /* StudySwiftUIUITests.swift in Sources */,
			);
			runOnlyForDeploymentPostprocessing = 0;
		};
/* End PBXSourcesBuildPhase section */

/* Begin PBXTargetDependency section */
		6DF1102B28E288E2006A796F /* PBXTargetDependency */ = {
			isa = PBXTargetDependency;
			target = 6DF1101828E288E0006A796F /* StudySwiftUI */;
			targetProxy = 6DF1102A28E288E2006A796F /* PBXContainerItemProxy */;
		};
		6DF1103528E288E2006A796F /* PBXTargetDependency */ = {
			isa = PBXTargetDependency;
			target = 6DF1101828E288E0006A796F /* StudySwiftUI */;
			targetProxy = 6DF1103428E288E2006A796F /* PBXContainerItemProxy */;
		};
/* End PBXTargetDependency section */

/* Begin XCBuildConfiguration section */
		6DF1103B28E288E2006A796F /* Debug */ = {
			isa = XCBuildConfiguration;
			buildSettings = {
				ALWAYS_SEARCH_USER_PATHS = NO;
				CLANG_ANALYZER_NONNULL = YES;
				CLANG_ANALYZER_NUMBER_OBJECT_CONVERSION = YES_AGGRESSIVE;
				CLANG_CXX_LANGUAGE_STANDARD = "gnu++17";
				CLANG_CXX_LIBRARY = "libc++";
				CLANG_ENABLE_MODULES = YES;
				CLANG_ENABLE_OBJC_ARC = YES;
				CLANG_ENABLE_OBJC_WEAK = YES;
				CLANG_WARN_BLOCK_CAPTURE_AUTORELEASING = YES;
				CLANG_WARN_BOOL_CONVERSION = YES;
				CLANG_WARN_COMMA = YES;
				CLANG_WARN_CONSTANT_CONVERSION = YES;
				CLANG_WARN_DEPRECATED_OBJC_IMPLEMENTATIONS = YES;
				CLANG_WARN_DIRECT_OBJC_ISA_USAGE = YES_ERROR;
				CLANG_WARN_DOCUMENTATION_COMMENTS = YES;
				CLANG_WARN_EMPTY_BODY = YES;
				CLANG_WARN_ENUM_CONVERSION = YES;
				CLANG_WARN_INFINITE_RECURSION = YES;
				CLANG_WARN_INT_CONVERSION = YES;
				CLANG_WARN_NON_LITERAL_NULL_CONVERSION = YES;
				CLANG_WARN_OBJC_IMPLICIT_RETAIN_SELF = YES;
				CLANG_WARN_OBJC_LITERAL_CONVERSION = YES;
				CLANG_WARN_OBJC_ROOT_CLASS = YES_ERROR;
				CLANG_WARN_QUOTED_INCLUDE_IN_FRAMEWORK_HEADER = YES;
				CLANG_WARN_RANGE_LOOP_ANALYSIS = YES;
				CLANG_WARN_STRICT_PROTOTYPES = YES;
				CLANG_WARN_SUSPICIOUS_MOVE = YES;
				CLANG_WARN_UNGUARDED_AVAILABILITY = YES_AGGRESSIVE;
				CLANG_WARN_UNREACHABLE_CODE = YES;
				CLANG_WARN__DUPLICATE_METHOD_MATCH = YES;
				COPY_PHASE_STRIP = NO;
				DEBUG_INFORMATION_FORMAT = dwarf;
				ENABLE_STRICT_OBJC_MSGSEND = YES;
				ENABLE_TESTABILITY = YES;
				GCC_C_LANGUAGE_STANDARD = gnu11;
				GCC_DYNAMIC_NO_PIC = NO;
				GCC_NO_COMMON_BLOCKS = YES;
				GCC_OPTIMIZATION_LEVEL = 0;
				GCC_PREPROCESSOR_DEFINITIONS = (
					"DEBUG=1",
					"$(inherited)",
				);
				GCC_WARN_64_TO_32_BIT_CONVERSION = YES;
				GCC_WARN_ABOUT_RETURN_TYPE = YES_ERROR;
				GCC_WARN_UNDECLARED_SELECTOR = YES;
				GCC_WARN_UNINITIALIZED_AUTOS = YES_AGGRESSIVE;
				GCC_WARN_UNUSED_FUNCTION = YES;
				GCC_WARN_UNUSED_VARIABLE = YES;
				IPHONEOS_DEPLOYMENT_TARGET = 15.2;
				MTL_ENABLE_DEBUG_INFO = INCLUDE_SOURCE;
				MTL_FAST_MATH = YES;
				ONLY_ACTIVE_ARCH = YES;
				SDKROOT = iphoneos;
				SWIFT_ACTIVE_COMPILATION_CONDITIONS = DEBUG;
				SWIFT_OPTIMIZATION_LEVEL = "-Onone";
			};
			name = Debug;
		};
		6DF1103C28E288E2006A796F /* Release */ = {
			isa = XCBuildConfiguration;
			buildSettings = {
				ALWAYS_SEARCH_USER_PATHS = NO;
				CLANG_ANALYZER_NONNULL = YES;
				CLANG_ANALYZER_NUMBER_OBJECT_CONVERSION = YES_AGGRESSIVE;
				CLANG_CXX_LANGUAGE_STANDARD = "gnu++17";
				CLANG_CXX_LIBRARY = "libc++";
				CLANG_ENABLE_MODULES = YES;
				CLANG_ENABLE_OBJC_ARC = YES;
				CLANG_ENABLE_OBJC_WEAK = YES;
				CLANG_WARN_BLOCK_CAPTURE_AUTORELEASING = YES;
				CLANG_WARN_BOOL_CONVERSION = YES;
				CLANG_WARN_COMMA = YES;
				CLANG_WARN_CONSTANT_CONVERSION = YES;
				CLANG_WARN_DEPRECATED_OBJC_IMPLEMENTATIONS = YES;
				CLANG_WARN_DIRECT_OBJC_ISA_USAGE = YES_ERROR;
				CLANG_WARN_DOCUMENTATION_COMMENTS = YES;
				CLANG_WARN_EMPTY_BODY = YES;
				CLANG_WARN_ENUM_CONVERSION = YES;
				CLANG_WARN_INFINITE_RECURSION = YES;
				CLANG_WARN_INT_CONVERSION = YES;
				CLANG_WARN_NON_LITERAL_NULL_CONVERSION = YES;
				CLANG_WARN_OBJC_IMPLICIT_RETAIN_SELF = YES;
				CLANG_WARN_OBJC_LITERAL_CONVERSION = YES;
				CLANG_WARN_OBJC_ROOT_CLASS = YES_ERROR;
				CLANG_WARN_QUOTED_INCLUDE_IN_FRAMEWORK_HEADER = YES;
				CLANG_WARN_RANGE_LOOP_ANALYSIS = YES;
				CLANG_WARN_STRICT_PROTOTYPES = YES;
				CLANG_WARN_SUSPICIOUS_MOVE = YES;
				CLANG_WARN_UNGUARDED_AVAILABILITY = YES_AGGRESSIVE;
				CLANG_WARN_UNREACHABLE_CODE = YES;
				CLANG_WARN__DUPLICATE_METHOD_MATCH = YES;
				COPY_PHASE_STRIP = NO;
				DEBUG_INFORMATION_FORMAT = "dwarf-with-dsym";
				ENABLE_NS_ASSERTIONS = NO;
				ENABLE_STRICT_OBJC_MSGSEND = YES;
				GCC_C_LANGUAGE_STANDARD = gnu11;
				GCC_NO_COMMON_BLOCKS = YES;
				GCC_WARN_64_TO_32_BIT_CONVERSION = YES;
				GCC_WARN_ABOUT_RETURN_TYPE = YES_ERROR;
				GCC_WARN_UNDECLARED_SELECTOR = YES;
				GCC_WARN_UNINITIALIZED_AUTOS = YES_AGGRESSIVE;
				GCC_WARN_UNUSED_FUNCTION = YES;
				GCC_WARN_UNUSED_VARIABLE = YES;
				IPHONEOS_DEPLOYMENT_TARGET = 15.2;
				MTL_ENABLE_DEBUG_INFO = NO;
				MTL_FAST_MATH = YES;
				SDKROOT = iphoneos;
				SWIFT_COMPILATION_MODE = wholemodule;
				SWIFT_OPTIMIZATION_LEVEL = "-O";
				VALIDATE_PRODUCT = YES;
			};
			name = Release;
		};
		6DF1103E28E288E2006A796F /* Debug */ = {
			isa = XCBuildConfiguration;
			buildSettings = {
				ASSETCATALOG_COMPILER_APPICON_NAME = AppIcon;
				ASSETCATALOG_COMPILER_GLOBAL_ACCENT_COLOR_NAME = AccentColor;
				CODE_SIGN_STYLE = Automatic;
				CURRENT_PROJECT_VERSION = 1;
				DEVELOPMENT_ASSET_PATHS = "\"StudySwiftUI/Preview Content\"";
				DEVELOPMENT_TEAM = DQQRHYJ3R5;
				ENABLE_PREVIEWS = YES;
				GENERATE_INFOPLIST_FILE = YES;
				INFOPLIST_KEY_UIApplicationSceneManifest_Generation = YES;
				INFOPLIST_KEY_UIApplicationSupportsIndirectInputEvents = YES;
				INFOPLIST_KEY_UILaunchScreen_Generation = YES;
				INFOPLIST_KEY_UISupportedInterfaceOrientations_iPad = "UIInterfaceOrientationPortrait UIInterfaceOrientationPortraitUpsideDown UIInterfaceOrientationLandscapeLeft UIInterfaceOrientationLandscapeRight";
				INFOPLIST_KEY_UISupportedInterfaceOrientations_iPhone = "UIInterfaceOrientationPortrait UIInterfaceOrientationLandscapeLeft UIInterfaceOrientationLandscapeRight";
				LD_RUNPATH_SEARCH_PATHS = (
					"$(inherited)",
					"@executable_path/Frameworks",
				);
				MARKETING_VERSION = 1.0;
				PRODUCT_BUNDLE_IDENTIFIER = com.mamakarute.StudySwiftUI;
				PRODUCT_NAME = "$(TARGET_NAME)";
				SWIFT_EMIT_LOC_STRINGS = YES;
				SWIFT_VERSION = 5.0;
				TARGETED_DEVICE_FAMILY = "1,2";
			};
			name = Debug;
		};
		6DF1103F28E288E2006A796F /* Release */ = {
			isa = XCBuildConfiguration;
			buildSettings = {
				ASSETCATALOG_COMPILER_APPICON_NAME = AppIcon;
				ASSETCATALOG_COMPILER_GLOBAL_ACCENT_COLOR_NAME = AccentColor;
				CODE_SIGN_STYLE = Automatic;
				CURRENT_PROJECT_VERSION = 1;
				DEVELOPMENT_ASSET_PATHS = "\"StudySwiftUI/Preview Content\"";
				DEVELOPMENT_TEAM = DQQRHYJ3R5;
				ENABLE_PREVIEWS = YES;
				GENERATE_INFOPLIST_FILE = YES;
				INFOPLIST_KEY_UIApplicationSceneManifest_Generation = YES;
				INFOPLIST_KEY_UIApplicationSupportsIndirectInputEvents = YES;
				INFOPLIST_KEY_UILaunchScreen_Generation = YES;
				INFOPLIST_KEY_UISupportedInterfaceOrientations_iPad = "UIInterfaceOrientationPortrait UIInterfaceOrientationPortraitUpsideDown UIInterfaceOrientationLandscapeLeft UIInterfaceOrientationLandscapeRight";
				INFOPLIST_KEY_UISupportedInterfaceOrientations_iPhone = "UIInterfaceOrientationPortrait UIInterfaceOrientationLandscapeLeft UIInterfaceOrientationLandscapeRight";
				LD_RUNPATH_SEARCH_PATHS = (
					"$(inherited)",
					"@executable_path/Frameworks",
				);
				MARKETING_VERSION = 1.0;
				PRODUCT_BUNDLE_IDENTIFIER = com.mamakarute.StudySwiftUI;
				PRODUCT_NAME = "$(TARGET_NAME)";
				SWIFT_EMIT_LOC_STRINGS = YES;
				SWIFT_VERSION = 5.0;
				TARGETED_DEVICE_FAMILY = "1,2";
			};
			name = Release;
		};
		6DF1104128E288E2006A796F /* Debug */ = {
			isa = XCBuildConfiguration;
			buildSettings = {
				ALWAYS_EMBED_SWIFT_STANDARD_LIBRARIES = YES;
				BUNDLE_LOADER = "$(TEST_HOST)";
				CODE_SIGN_STYLE = Automatic;
				CURRENT_PROJECT_VERSION = 1;
				DEVELOPMENT_TEAM = DQQRHYJ3R5;
				GENERATE_INFOPLIST_FILE = YES;
				IPHONEOS_DEPLOYMENT_TARGET = 15.2;
				MARKETING_VERSION = 1.0;
				PRODUCT_BUNDLE_IDENTIFIER = com.mamakarute.StudySwiftUITests;
				PRODUCT_NAME = "$(TARGET_NAME)";
				SWIFT_EMIT_LOC_STRINGS = NO;
				SWIFT_VERSION = 5.0;
				TARGETED_DEVICE_FAMILY = "1,2";
				TEST_HOST = "$(BUILT_PRODUCTS_DIR)/StudySwiftUI.app/StudySwiftUI";
			};
			name = Debug;
		};
		6DF1104228E288E2006A796F /* Release */ = {
			isa = XCBuildConfiguration;
			buildSettings = {
				ALWAYS_EMBED_SWIFT_STANDARD_LIBRARIES = YES;
				BUNDLE_LOADER = "$(TEST_HOST)";
				CODE_SIGN_STYLE = Automatic;
				CURRENT_PROJECT_VERSION = 1;
				DEVELOPMENT_TEAM = DQQRHYJ3R5;
				GENERATE_INFOPLIST_FILE = YES;
				IPHONEOS_DEPLOYMENT_TARGET = 15.2;
				MARKETING_VERSION = 1.0;
				PRODUCT_BUNDLE_IDENTIFIER = com.mamakarute.StudySwiftUITests;
				PRODUCT_NAME = "$(TARGET_NAME)";
				SWIFT_EMIT_LOC_STRINGS = NO;
				SWIFT_VERSION = 5.0;
				TARGETED_DEVICE_FAMILY = "1,2";
				TEST_HOST = "$(BUILT_PRODUCTS_DIR)/StudySwiftUI.app/StudySwiftUI";
			};
			name = Release;
		};
		6DF1104428E288E2006A796F /* Debug */ = {
			isa = XCBuildConfiguration;
			buildSettings = {
				ALWAYS_EMBED_SWIFT_STANDARD_LIBRARIES = YES;
				CODE_SIGN_STYLE = Automatic;
				CURRENT_PROJECT_VERSION = 1;
				DEVELOPMENT_TEAM = DQQRHYJ3R5;
				GENERATE_INFOPLIST_FILE = YES;
				MARKETING_VERSION = 1.0;
				PRODUCT_BUNDLE_IDENTIFIER = com.mamakarute.StudySwiftUIUITests;
				PRODUCT_NAME = "$(TARGET_NAME)";
				SWIFT_EMIT_LOC_STRINGS = NO;
				SWIFT_VERSION = 5.0;
				TARGETED_DEVICE_FAMILY = "1,2";
				TEST_TARGET_NAME = StudySwiftUI;
			};
			name = Debug;
		};
		6DF1104528E288E2006A796F /* Release */ = {
			isa = XCBuildConfiguration;
			buildSettings = {
				ALWAYS_EMBED_SWIFT_STANDARD_LIBRARIES = YES;
				CODE_SIGN_STYLE = Automatic;
				CURRENT_PROJECT_VERSION = 1;
				DEVELOPMENT_TEAM = DQQRHYJ3R5;
				GENERATE_INFOPLIST_FILE = YES;
				MARKETING_VERSION = 1.0;
				PRODUCT_BUNDLE_IDENTIFIER = com.mamakarute.StudySwiftUIUITests;
				PRODUCT_NAME = "$(TARGET_NAME)";
				SWIFT_EMIT_LOC_STRINGS = NO;
				SWIFT_VERSION = 5.0;
				TARGETED_DEVICE_FAMILY = "1,2";
				TEST_TARGET_NAME = StudySwiftUI;
			};
			name = Release;
		};
/* End XCBuildConfiguration section */

/* Begin XCConfigurationList section */
		6DF1101428E288E0006A796F /* Build configuration list for PBXProject "StudySwiftUI" */ = {
			isa = XCConfigurationList;
			buildConfigurations = (
				6DF1103B28E288E2006A796F /* Debug */,
				6DF1103C28E288E2006A796F /* Release */,
			);
			defaultConfigurationIsVisible = 0;
			defaultConfigurationName = Release;
		};
		6DF1103D28E288E2006A796F /* Build configuration list for PBXNativeTarget "StudySwiftUI" */ = {
			isa = XCConfigurationList;
			buildConfigurations = (
				6DF1103E28E288E2006A796F /* Debug */,
				6DF1103F28E288E2006A796F /* Release */,
			);
			defaultConfigurationIsVisible = 0;
			defaultConfigurationName = Release;
		};
		6DF1104028E288E2006A796F /* Build configuration list for PBXNativeTarget "StudySwiftUITests" */ = {
			isa = XCConfigurationList;
			buildConfigurations = (
				6DF1104128E288E2006A796F /* Debug */,
				6DF1104228E288E2006A796F /* Release */,
			);
			defaultConfigurationIsVisible = 0;
			defaultConfigurationName = Release;
		};
		6DF1104328E288E2006A796F /* Build configuration list for PBXNativeTarget "StudySwiftUIUITests" */ = {
			isa = XCConfigurationList;
			buildConfigurations = (
				6DF1104428E288E2006A796F /* Debug */,
				6DF1104528E288E2006A796F /* Release */,
			);
			defaultConfigurationIsVisible = 0;
			defaultConfigurationName = Release;
		};
/* End XCConfigurationList section */
	};
	rootObject = 6DF1101128E288E0006A796F /* Project object */;
}
